lockfileVersion: '9.0'

settings:
  autoInstallPeers: true
  excludeLinksFromLockfile: false

importers:

  .:
    dependencies:
      '@awesome.me/webawesome':
        specifier: ^3.8.0
        version: 3.8.0(@floating-ui/utils@0.2.11)(@types/react@19.2.16)
      ol:
        specifier: ^10.9.0
        version: 10.9.0
    devDependencies:
      '@biomejs/biome':
        specifier: ^2.5.0
        version: 2.5.0
      '@rsbuild/core':
        specifier: ^2.0.15
        version: 2.0.15(core-js@3.46.0)
      '@rsbuild/plugin-sass':
        specifier: ^1.5.3
        version: 1.5.3(@rsbuild/core@2.0.15(core-js@3.46.0))
      '@rslint/core':
        specifier: ^0.6.2
        version: 0.6.2(jiti@2.6.1)
      '@tsconfig/node-lts':
        specifier: ^24.0.0
        version: 24.0.0
      '@types/node':
        specifier: ^25.9.3
        version: 25.9.3
      prettier:
        specifier: ^3.8.4
        version: 3.8.4
      typescript:
        specifier: ^6.0.3
        version: 6.0.3

packages:

  '@awesome.me/webawesome@3.8.0':
    resolution: {integrity: sha512-LBu/vkivsVaXoC7SGQAKf579lLoLtgk9zJYstA31mRchrkVPGQsUNH1osoXefOhra0VLk9ZuIRT23+Ynw/xCKw==}
    engines: {node: '>=14.17.0'}

  '@biomejs/biome@2.5.0':
    resolution: {integrity: sha512-4kURkd9hAPrdDM3C9n82ycYgx8hvQcW6MjKTEejruj8rK0N8P3OPpdy8BvI8kt3KWY4ycF5XtDOrktetEfhfuw==}
    engines: {node: '>=14.21.3'}
    hasBin: true

  '@biomejs/cli-darwin-arm64@2.5.0':
    resolution: {integrity: sha512-Mn3Fwi3SA5fgmfCPqmzpWF2DLZnms3BVAhM088nTnGrTZmHS3wwIjcoZPqpXeNgd3DrrLH6xp8vTLIBuJoZiXw==}
    engines: {node: '>=14.21.3'}
    cpu: [arm64]
    os: [darwin]

  '@biomejs/cli-darwin-x64@2.5.0':
    resolution: {integrity: sha512-rg3VPL5P8mYro6pqlXYXuJWph21slVp3SZtAqWSrkZs40d2gTzYmHF8E/X1iTID25btmNKltNDJ926sqVBp7DQ==}
    engines: {node: '>=14.21.3'}
    cpu: [x64]
    os: [darwin]

  '@biomejs/cli-linux-arm64-musl@2.5.0':
    resolution: {integrity: sha512-vQdM4oSGaf7ZNeGO9w5+Y8SBtyser9M6znxYbm7Ec8wInxJu1WiKxFYZW5Auj2d80bcVvefuGGRxoFOE0eee8g==}
    engines: {node: '>=14.21.3'}
    cpu: [arm64]
    os: [linux]
    libc: [musl]

  '@biomejs/cli-linux-arm64@2.5.0':
    resolution: {integrity: sha512-tl+LW8fdD96/xdeWtWwc82LIOc5CoY7N2AsogLTp5R4ECErYt+8Jl/N68ezN9vzSiqPTxw6vjcihoLPYKZHrlw==}
    engines: {node: '>=14.21.3'}
    cpu: [arm64]
    os: [linux]
    libc: [glibc]

  '@biomejs/cli-linux-x64-musl@2.5.0':
    resolution: {integrity: sha512-+9hIcMngJ+yGUahXqZuZ8CoWKJE9SAZsFsM3QDvXpNsLbXZ9lqVzgBhOk/jTSYkOA0GLP9eu3teukqpLUojHMg==}
    engines: {node: '>=14.21.3'}
    cpu: [x64]
    os: [linux]
    libc: [musl]

  '@biomejs/cli-linux-x64@2.5.0':
    resolution: {integrity: sha512-zpEGf4RQbFEh8Vt7OmavLyyOzRbtcE9osCqrS1kfvt8jDvxwhKXLSf7n0ebr/ov0RJ9ssP+lhs6C8a9WwFvrQA==}
    engines: {node: '>=14.21.3'}
    cpu: [x64]
    os: [linux]
    libc: [glibc]

  '@biomejs/cli-win32-arm64@2.5.0':
    resolution: {integrity: sha512-jB0wAvTLI4itx5VidqVUejPQFhRUxiZ9l9FvZ26D5fl6t3qme+ZB4PD3bTSeL1vZ8NI2Rx/zj6H9zcESuGHKGw==}
    engines: {node: '>=14.21.3'}
    cpu: [arm64]
    os: [win32]

  '@biomejs/cli-win32-x64@2.5.0':
    resolution: {integrity: sha512-VT/lF+GId+67j8aDfLkxdxNoVApsPSTbyAtB3jJq0IWTrY77WXfbPfpngxq0bA6JCEv/7k8C9qWjDRKRznDlyw==}
    engines: {node: '>=14.21.3'}
    cpu: [x64]
    os: [win32]

  '@bufbuild/protobuf@2.12.0':
    resolution: {integrity: sha512-B/XlCaFIP8LOwzo+bz5uFzATYokcwCKQcghqnlfwSmM5eX/qTkvDBnDPs+gXtX/RyjxJ4DRikECcPJbyALA8FA==}

  '@ctrl/tinycolor@4.1.0':
    resolution: {integrity: sha512-WyOx8cJQ+FQus4Mm4uPIZA64gbk3Wxh0so5Lcii0aJifqwoVOlfFtorjLE0Hen4OYyHZMXDWqMmaQemBhgxFRQ==}
    engines: {node: '>=14'}

  '@emnapi/core@1.10.0':
    resolution: {integrity: sha512-yq6OkJ4p82CAfPl0u9mQebQHKPJkY7WrIuk205cTYnYe+k2Z8YBh11FrbRG/H6ihirqcacOgl2BIO8oyMQLeXw==}

  '@emnapi/runtime@1.10.0':
    resolution: {integrity: sha512-ewvYlk86xUoGI0zQRNq/mC+16R1QeDlKQy21Ki3oSYXNgLb45GV1P6A0M+/s6nyCuNDqe5VpaY84BzXGwVbwFA==}

  '@emnapi/wasi-threads@1.2.1':
    resolution: {integrity: sha512-uTII7OYF+/Mes/MrcIOYp5yOtSMLBWSIoLPpcgwipoiKbli6k322tcoFsxoIIxPDqW01SQGAgko4EzZi2BNv2w==}

  '@floating-ui/core@1.7.5':
    resolution: {integrity: sha512-1Ih4WTWyw0+lKyFMcBHGbb5U5FtuHJuujoyyr5zTaWS5EYMeT6Jb2AuDeftsCsEuchO+mM2ij5+q9crhydzLhQ==}

  '@floating-ui/dom@1.7.6':
    resolution: {integrity: sha512-9gZSAI5XM36880PPMm//9dfiEngYoC6Am2izES1FF406YFsjvyBMmeJ2g4SAju3xWwtuynNRFL2s9hgxpLI5SQ==}

  '@floating-ui/utils@0.2.11':
    resolution: {integrity: sha512-RiB/yIh78pcIxl6lLMG0CgBXAZ2Y0eVHqMPYugu+9U0AeT6YBeiJpf7lbdJNIugFP5SIjwNRgo4DhR1Qxi26Gg==}

  '@konnorr/qr-creator@1.0.1':
    resolution: {integrity: sha512-EmRR9rny1ENBtQy7TLOguO/79h1EpzXUmqIdMTGp2BW8NkZtRRPr5hmQcE+n9QXYo4T8NjcaJ14hnZg+s/+K+A==}

  '@lit-labs/ssr-client@1.1.8':
    resolution: {integrity: sha512-PjGh81oKsoI64m3IDjTqqjhC7dr2uC/o0jrllUb5gRAyp/RlAHxapgJrjq9kWz97faCHLQ8jUlTi6tGm+8fgyA==}

  '@lit-labs/ssr-dom-shim@1.6.0':
    resolution: {integrity: sha512-VHb0ALPMTlgKjM6yIxxoQNnpKyUKLD04VzeQdsiXkMqkvYlAHxq9glGLmgbb889/1GsohSOAjvQYoiBppXFqrQ==}

  '@lit/context@1.1.6':
    resolution: {integrity: sha512-M26qDE6UkQbZA2mQ3RjJ3Gzd8TxP+/0obMgE5HfkfLhEEyYE3Bui4A5XHiGPjy0MUGAyxB3QgVuw2ciS0kHn6A==}

  '@lit/react@1.0.8':
    resolution: {integrity: sha512-p2+YcF+JE67SRX3mMlJ1TKCSTsgyOVdAwd/nxp3NuV1+Cb6MWALbN6nT7Ld4tpmYofcE5kcaSY1YBB9erY+6fw==}
    peerDependencies:
      '@types/react': 17 || 18 || 19

  '@lit/reactive-element@2.1.2':
    resolution: {integrity: sha512-pbCDiVMnne1lYUIaYNN5wrwQXDtHaYtg7YEFPeW+hws6U47WeFvISGUWekPGKWOP1ygrs0ef0o1VJMk1exos5A==}

  '@napi-rs/wasm-runtime@1.1.4':
    resolution: {integrity: sha512-3NQNNgA1YSlJb/kMH1ildASP9HW7/7kYnRI2szWJaofaS1hWmbGI4H+d3+22aGzXXN9IJ+n+GiFVcGipJP18ow==}
    peerDependencies:
      '@emnapi/core': ^1.7.1
      '@emnapi/runtime': ^1.7.1

  '@parcel/watcher-android-arm64@2.5.6':
    resolution: {integrity: sha512-YQxSS34tPF/6ZG7r/Ih9xy+kP/WwediEUsqmtf0cuCV5TPPKw/PQHRhueUo6JdeFJaqV3pyjm0GdYjZotbRt/A==}
    engines: {node: '>= 10.0.0'}
    cpu: [arm64]
    os: [android]

  '@parcel/watcher-darwin-arm64@2.5.6':
    resolution: {integrity: sha512-Z2ZdrnwyXvvvdtRHLmM4knydIdU9adO3D4n/0cVipF3rRiwP+3/sfzpAwA/qKFL6i1ModaabkU7IbpeMBgiVEA==}
    engines: {node: '>= 10.0.0'}
    cpu: [arm64]
    os: [darwin]

  '@parcel/watcher-darwin-x64@2.5.6':
    resolution: {integrity: sha512-HgvOf3W9dhithcwOWX9uDZyn1lW9R+7tPZ4sug+NGrGIo4Rk1hAXLEbcH1TQSqxts0NYXXlOWqVpvS1SFS4fRg==}
    engines: {node: '>= 10.0.0'}
    cpu: [x64]
    os: [darwin]

  '@parcel/watcher-freebsd-x64@2.5.6':
    resolution: {integrity: sha512-vJVi8yd/qzJxEKHkeemh7w3YAn6RJCtYlE4HPMoVnCpIXEzSrxErBW5SJBgKLbXU3WdIpkjBTeUNtyBVn8TRng==}
    engines: {node: '>= 10.0.0'}
    cpu: [x64]
    os: [freebsd]

  '@parcel/watcher-linux-arm-glibc@2.5.6':
    resolution: {integrity: sha512-9JiYfB6h6BgV50CCfasfLf/uvOcJskMSwcdH1PHH9rvS1IrNy8zad6IUVPVUfmXr+u+Km9IxcfMLzgdOudz9EQ==}
    engines: {node: '>= 10.0.0'}
    cpu: [arm]
    os: [linux]
    libc: [glibc]

  '@parcel/watcher-linux-arm-musl@2.5.6':
    resolution: {integrity: sha512-Ve3gUCG57nuUUSyjBq/MAM0CzArtuIOxsBdQ+ftz6ho8n7s1i9E1Nmk/xmP323r2YL0SONs1EuwqBp2u1k5fxg==}
    engines: {node: '>= 10.0.0'}
    cpu: [arm]
    os: [linux]
    libc: [musl]

  '@parcel/watcher-linux-arm64-glibc@2.5.6':
    resolution: {integrity: sha512-f2g/DT3NhGPdBmMWYoxixqYr3v/UXcmLOYy16Bx0TM20Tchduwr4EaCbmxh1321TABqPGDpS8D/ggOTaljijOA==}
    engines: {node: '>= 10.0.0'}
    cpu: [arm64]
    os: [linux]
    libc: [glibc]

  '@parcel/watcher-linux-arm64-musl@2.5.6':
    resolution: {integrity: sha512-qb6naMDGlbCwdhLj6hgoVKJl2odL34z2sqkC7Z6kzir8b5W65WYDpLB6R06KabvZdgoHI/zxke4b3zR0wAbDTA==}
    engines: {node: '>= 10.0.0'}
    cpu: [arm64]
    os: [linux]
    libc: [musl]

  '@parcel/watcher-linux-x64-glibc@2.5.6':
    resolution: {integrity: sha512-kbT5wvNQlx7NaGjzPFu8nVIW1rWqV780O7ZtkjuWaPUgpv2NMFpjYERVi0UYj1msZNyCzGlaCWEtzc+exjMGbQ==}
    engines: {node: '>= 10.0.0'}
    cpu: [x64]
    os: [linux]
    libc: [glibc]

  '@parcel/watcher-linux-x64-musl@2.5.6':
    resolution: {integrity: sha512-1JRFeC+h7RdXwldHzTsmdtYR/Ku8SylLgTU/reMuqdVD7CtLwf0VR1FqeprZ0eHQkO0vqsbvFLXUmYm/uNKJBg==}
    engines: {node: '>= 10.0.0'}
    cpu: [x64]
    os: [linux]
    libc: [musl]

  '@parcel/watcher-win32-arm64@2.5.6':
    resolution: {integrity: sha512-3ukyebjc6eGlw9yRt678DxVF7rjXatWiHvTXqphZLvo7aC5NdEgFufVwjFfY51ijYEWpXbqF5jtrK275z52D4Q==}
    engines: {node: '>= 10.0.0'}
    cpu: [arm64]
    os: [win32]

  '@parcel/watcher-win32-ia32@2.5.6':
    resolution: {integrity: sha512-k35yLp1ZMwwee3Ez/pxBi5cf4AoBKYXj00CZ80jUz5h8prpiaQsiRPKQMxoLstNuqe2vR4RNPEAEcjEFzhEz/g==}
    engines: {node: '>= 10.0.0'}
    cpu: [ia32]
    os: [win32]

  '@parcel/watcher-win32-x64@2.5.6':
    resolution: {integrity: sha512-hbQlYcCq5dlAX9Qx+kFb0FHue6vbjlf0FrNzSKdYK2APUf7tGfGxQCk2ihEREmbR6ZMc0MVAD5RIX/41gpUzTw==}
    engines: {node: '>= 10.0.0'}
    cpu: [x64]
    os: [win32]

  '@parcel/watcher@2.5.6':
    resolution: {integrity: sha512-tmmZ3lQxAe/k/+rNnXQRawJ4NjxO2hqiOLTHvWchtGZULp4RyFeh6aU4XdOYBFe2KE1oShQTv4AblOs2iOrNnQ==}
    engines: {node: '>= 10.0.0'}

  '@petamoriken/float16@3.9.3':
    resolution: {integrity: sha512-8awtpHXCx/bNpFt4mt2xdkgtgVvKqty8VbjHI/WWWQuEw+KLzFot3f4+LkQY9YmOtq7A5GdOnqoIC8Pdygjk2g==}

  '@rsbuild/core@2.0.15':
    resolution: {integrity: sha512-O8vmMhZu1YImO6jOqt/K/vlJSvkq7UtSq5YM1DIlcEd9LW8Gf6/dkQ1B2KPI6F+hSMFBnTTTumdcIowSLCw97g==}
    engines: {node: ^20.19.0 || >=22.12.0}
    hasBin: true
    peerDependencies:
      core-js: '>= 3.0.0'
    peerDependenciesMeta:
      core-js:
        optional: true

  '@rsbuild/plugin-sass@1.5.3':
    resolution: {integrity: sha512-NViSITZF3J3i96GfemWfTZBZ43CNZUgTaaKgfti0I7odwy36Qlo8MIAbGjOy8pBSygIYn7Xl4+Jw8qAbTysCBw==}
    peerDependencies:
      '@rsbuild/core': ^1.3.0 || ^2.0.0-0
    peerDependenciesMeta:
      '@rsbuild/core':
        optional: true

  '@rslint/core@0.6.2':
    resolution: {integrity: sha512-ogJpVQzQm32JsHTG1NGNkBSRBIrvFJl+gAQzpCJGX1kk1H57uKl+jUQXy0iEX/coWsz01F3IpaFg1XpXPKWt6g==}
    hasBin: true
    peerDependencies:
      jiti: ^2.0.0
    peerDependenciesMeta:
      jiti:
        optional: true

  '@rslint/native-darwin-arm64@0.6.2':
    resolution: {integrity: sha512-0lZ3QihOEtII9pVXrhrjIJklcM68GkrffyRikX9HSpkNzUVlzzRwFIRIdk7FLkD+xBUdmbjcP0SoBn4fFQhfHA==}
    cpu: [arm64]
    os: [darwin]

  '@rslint/native-darwin-x64@0.6.2':
    resolution: {integrity: sha512-Qt5MFGRoLT9yve/QB+J4oOyBl0dUUO8CH4JqOOEPzwNhF+9uoLqOWnCY6g0h0aDRGaNKklcyNoSksIpdrYsUCA==}
    cpu: [x64]
    os: [darwin]

  '@rslint/native-linux-arm64-gnu@0.6.2':
    resolution: {integrity: sha512-S6yRUXaH0c+K4jFPSz2jOdqDx6IzFqp9J9QFv7IqtZSZCj0fszam1xKrWfaR5eBMeF/WhP3gJFxZMsHRjt6zvw==}
    cpu: [arm64]
    os: [linux]
    libc: [glibc]

  '@rslint/native-linux-arm64-musl@0.6.2':
    resolution: {integrity: sha512-t32ryxYDsfqdiJyAm3QaPH2Tk6nwEgPvHTqBw6zQicPlWQdOI2vgFfNJSLFCiYnlPthRCu7zez6RTcrbEScn3w==}
    cpu: [arm64]
    os: [linux]
    libc: [musl]

  '@rslint/native-linux-x64-gnu@0.6.2':
    resolution: {integrity: sha512-7OERRKE+G11r8mkxFIYXeBQ1D782SN/NXYaOekBBnPT0S/Dd1LLK7gdBkUoyXbfLslKWgjAc5/ijfNIk4tFDhw==}
    cpu: [x64]
    os: [linux]
    libc: [glibc]

  '@rslint/native-linux-x64-musl@0.6.2':
    resolution: {integrity: sha512-fuz2ASX8jxm0OuOoM8CGK7GIqTPVG/w7VZG3bMqfPgdGFsElyCgbEud29uz0NwIxWitEVqIsyR+hfHN/AAOdsQ==}
    cpu: [x64]
    os: [linux]
    libc: [musl]

  '@rslint/native-win32-arm64-msvc@0.6.2':
    resolution: {integrity: sha512-e2TFf7jMX7KzeMUj0FyaAiAs/EeQn2SFyYRWBXn0yGzo41y7lwuBC3JdPqfi08aNNyjWnDS5HtBt3B4Tm1Ursw==}
    cpu: [arm64]
    os: [win32]

  '@rslint/native-win32-x64-msvc@0.6.2':
    resolution: {integrity: sha512-GetOAXl97lNr9LQjVlhMX1g6tvtUnFhgI4k9P8l16HHzVVHyfIRifWIjDCv8keE4HhZ8mwtSGqGwI6escST7pA==}
    cpu: [x64]
    os: [win32]

  '@rspack/binding-darwin-arm64@2.0.8':
    resolution: {integrity: sha512-vCgbgH7B7qom+uID+RCZsTCOYFb9wC4/4+1U6rMfytrXGVJ72eNQs2tbdjOl0lb18CT3N/n+VkWynUiLk84GwA==}
    cpu: [arm64]
    os: [darwin]

  '@rspack/binding-darwin-x64@2.0.8':
    resolution: {integrity: sha512-satPm2PD4B7jDTVlVAdvMVdUszwLvWUEnUDzLb77mvVkezKNDZmuhb+e8s+FfKs8hJpNbZ9VAejuA2rr8o985w==}
    cpu: [x64]
    os: [darwin]

  '@rspack/binding-linux-arm64-gnu@2.0.8':
    resolution: {integrity: sha512-pSI+npPQE/uDtiboqvcOIRJbEV2+B+H1xffmko/gw50la92oTUW60kVULFwsb6L0+GVCzIcwX3yq60GtYIn+Ug==}
    cpu: [arm64]
    os: [linux]
    libc: [glibc]

  '@rspack/binding-linux-arm64-musl@2.0.8':
    resolution: {integrity: sha512-igjJ43yxWQ72GZqjDDZSSHax9/Vg+6rLMmOvFglTJUkQpB4Tyvu/YjW+WRjYj2xRw6blOjLxUSJWASvuSqqlvg==}
    cpu: [arm64]
    os: [linux]
    libc: [musl]

  '@rspack/binding-linux-x64-gnu@2.0.8':
    resolution: {integrity: sha512-zrkoEOnqj1hOEBO5T2I/2Ts2HSJsYFh1qXwMpK4dMJFGGNWDfNeUa6/LF5uq3VINF3JUl7RL47AgrucoSZJXPA==}
    cpu: [x64]
    os: [linux]
    libc: [glibc]

  '@rspack/binding-linux-x64-musl@2.0.8':
    resolution: {integrity: sha512-6CtDaGZjNDvJd9TBp7a9zABbrPORO21W96+3ZcGBn0YNUPUk4ARxIxrTTpeJ/1F41QDM8AYIkGDdqEYMqTYBsA==}
    cpu: [x64]
    os: [linux]
    libc: [musl]

  '@rspack/binding-wasm32-wasi@2.0.8':
    resolution: {integrity: sha512-Yf4SiqTUroT5Ju+te0YAY2xxKOb35tECsO21v7hYyGa705wrgoAK/MmF7enOvs9GR1iZIqgiLD/wxsIxl8GjJw==}
    cpu: [wasm32]

  '@rspack/binding-win32-arm64-msvc@2.0.8':
    resolution: {integrity: sha512-8NCuiQsAhXrwRBy57QZoypqrws/zLBkaQVGiB8hksr6v++8hNigNjqpQARLbd0iyMuHsQQ++8+auGk6xlDXmzw==}
    cpu: [arm64]
    os: [win32]

  '@rspack/binding-win32-ia32-msvc@2.0.8':
    resolution: {integrity: sha512-bxiekytbX7V9KFAra+HkwtNWC6pYfHEBBZFpiT0xUs3mCFOmAAFVBsBSQsoCP9AdCEXoMAvNdnrHNw3iov4OZw==}
    cpu: [ia32]
    os: [win32]

  '@rspack/binding-win32-x64-msvc@2.0.8':
    resolution: {integrity: sha512-7zPs8YCe/ZVJTwd+5lpB0CP0tkn2pONf/T1ycmVY76u21Nrwt8mXQGc/2yH2eWP4B7fikYBr3hGr7mpR2fajqQ==}
    cpu: [x64]
    os: [win32]

  '@rspack/binding@2.0.8':
    resolution: {integrity: sha512-3uZ+y8aQxq33ty2srMxg2Nu0XuBI6vVrG50rkDaXqwWqOohfgGUSfFuQK7EnSUNy4aFUQlCG6NHialQHJov0wg==}

  '@rspack/core@2.0.8':
    resolution: {integrity: sha512-+NLGJf8gZxihDmMFzjlly3toc2SMjeDmuvz0/Cai9AMdV4F+Pqcnt2BA9V4e3SY2jmhJQtPwgyyLtR1RiJO77g==}
    engines: {node: ^20.19.0 || >=22.12.0}
    peerDependencies:
      '@module-federation/runtime-tools': ^0.24.1 || ^2.0.0
      '@swc/helpers': ^0.5.23
    peerDependenciesMeta:
      '@module-federation/runtime-tools':
        optional: true
      '@swc/helpers':
        optional: true

  '@shoelace-style/animations@1.2.0':
    resolution: {integrity: sha512-avvo1xxkLbv2dgtabdewBbqcJfV0e0zCwFqkPMnHFGbJbBHorRFfMAHh1NG9ymmXn0jW95ibUVH03E1NYXD6Gw==}

  '@shoelace-style/localize@3.2.2':
    resolution: {integrity: sha512-h3+2/cFWGaw3KQUwintkP4Cy3PtrVW//ysr9DM5nOfIXYekgrHwsELk/nyxc8hmjVP/Kcon7KCzvUtSwUBipfQ==}

  '@swc/helpers@0.5.23':
    resolution: {integrity: sha512-5lSsMOTXURePglDfvuAQUqkGek9Hg2kksOYay2m0+XR++b2NWYL/4sWyuvVBIs8oKnJaxkdi9whaL/sqN13afw==}

  '@tsconfig/node-lts@24.0.0':
    resolution: {integrity: sha512-8mSTqWwCd6aQpvxSrpQlMoA9RiUZSs7bYhL5qsLXIIaN9HQaINeoydrRu/Y7/fws4bvfuyhs0BRnW9/NI8tySg==}

  '@tybys/wasm-util@0.10.2':
    resolution: {integrity: sha512-RoBvJ2X0wuKlWFIjrwffGw1IqZHKQqzIchKaadZZfnNpsAYp2mM0h36JtPCjNDAHGgYez/15uMBpfGwchhiMgg==}

  '@types/node@25.9.3':
    resolution: {integrity: sha512-603BddQMv3pUcr4U2dhujk83N2tTDVr/34wII2B6bJy6g+8WD6yUb11jszNs0gdi4PesVWl7ABt8nYMVpnLUcg==}

  '@types/rbush@4.0.0':
    resolution: {integrity: sha512-+N+2H39P8X+Hy1I5mC6awlTX54k3FhiUmvt7HWzGJZvF+syUAAxP/stwppS8JE84YHqFgRMv6fCy31202CMFxQ==}

  '@types/react@19.2.16':
    resolution: {integrity: sha512-esJiCAnl0kfpNdE69f3So4WJUXy95dLZydX0KwK46riIHDzHM7O9Vtf9xCHW0PXIqvgqNrswl522kA/5yx+F4w==}

  '@types/trusted-types@2.0.7':
    resolution: {integrity: sha512-ScaPdn1dQczgbl0QFTeTOmVHFULt394XJgOQNoyVhZ6r2vLnMLJfBPd53SB52T/3G36VI1/g2MZaX0cwDuXsfw==}

  '@zarrita/storage@0.2.0':
    resolution: {integrity: sha512-855ZXqtnds7spnT8vNvD+MXa3QExP1m2GqShe8yt7uZXHnQLgJHgkpVwFjE1B0KDDRO0ki09hmk6OboTaIfPsQ==}

  big.js@5.2.2:
    resolution: {integrity: sha512-vyL2OymJxmarO8gxMr0mhChsO9QGwhynfuu4+MHTAW6czfq9humCB7rKpUjDd9YUiDPU4mzpyupFSvOClAwbmQ==}

  chokidar@5.0.0:
    resolution: {integrity: sha512-TQMmc3w+5AxjpL8iIiwebF73dRDF4fBIieAqGn9RGCWaEVwQ6Fb2cGe31Yns0RRIzii5goJ1Y7xbMwo1TxMplw==}
    engines: {node: '>= 20.19.0'}

  colorjs.io@0.5.2:
    resolution: {integrity: sha512-twmVoizEW7ylZSN32OgKdXRmo1qg+wT5/6C3xu5b9QsWzSFAhHLn2xd8ro0diCsKfCj1RdaTP/nrcW+vAoQPIw==}

  composed-offset-position@0.0.6:
    resolution: {integrity: sha512-Q7dLompI6lUwd7LWyIcP66r4WcS9u7AL2h8HaeipiRfCRPLMWqRx8fYsjb4OHi6UQFifO7XtNC2IlEJ1ozIFxw==}
    peerDependencies:
      '@floating-ui/utils': ^0.2.5

  core-js@3.46.0:
    resolution: {integrity: sha512-vDMm9B0xnqqZ8uSBpZ8sNtRtOdmfShrvT6h2TuQGLs0Is+cR0DYbj/KWP6ALVNbWPpqA/qPLoOuppJN07humpA==}

  csstype@3.2.3:
    resolution: {integrity: sha512-z1HGKcYy2xA8AGQfwrn0PAy+PB7X/GSj3UVJW9qKyn43xWa+gl5nXmU4qqLMRzWVLFC8KusUX8T/0kCiOYpAIQ==}

  deepmerge@4.3.1:
    resolution: {integrity: sha512-3sUqbMEc77XqpdNO7FRyRog+eW3ph+GYCbj+rK+uYyRMuwsVy0rMiVtPn+QJlKFvWP/1PYpapqYn0Me2knFn+A==}
    engines: {node: '>=0.10.0'}

  detect-libc@2.1.2:
    resolution: {integrity: sha512-Btj2BOOO83o3WyH59e8MgXsxEQVcarkUOpEYrubB0urwnN10yQ364rsiByU11nZlqWYZm05i/of7io4mzihBtQ==}
    engines: {node: '>=8'}

  earcut@3.0.2:
    resolution: {integrity: sha512-X7hshQbLyMJ/3RPhyObLARM2sNxxmRALLKx1+NVFFnQ9gKzmCrxm9+uLIAdBcvc8FNLpctqlQ2V6AE92Ol9UDQ==}

  emojis-list@3.0.0:
    resolution: {integrity: sha512-/kyM18EfinwXZbno9FyUGeFh87KC8HRQBQGildHZbEuRyWFOmv1U10o9BBp8XVZDVNNuQKyIGIu5ZYAAXJ0V2Q==}
    engines: {node: '>= 4'}

  fflate@0.8.3:
    resolution: {integrity: sha512-tbZNuJrLwGUp3zshBtdy4W+ORxZuIh8a5ilyIEQDC5rY1f3U20JMry0Ll3WBzU58EZKsEuJFXhb5gwv8CsPvgA==}

  geotiff@3.0.5:
    resolution: {integrity: sha512-OWcL9S9+yDZ6iAlXMt32T1iwUApJM8UiD47xbm6ZP1h33d10fqkPs14EG/ttT5EnefpZSx3G15iDFC5FxUNUwA==}
    engines: {node: '>=10.19'}

  has-flag@4.0.0:
    resolution: {integrity: sha512-EykJT/Q1KjTWctppgIAgfSO0tKVuZUjhgMr17kqTumMl6Afv3EISleU7qZUzoXDFTAHTDC4NOoG/ZxU3EvlMPQ==}
    engines: {node: '>=8'}

  immutable@5.1.6:
    resolution: {integrity: sha512-q1swsS8K7L8usSHuOqF2TAoCCkonYz0SG38wLAggaa4Wml70zixIvt2ql4coQ2C2B3hTjltJry4r6bULwgAXLQ==}

  is-extglob@2.1.1:
    resolution: {integrity: sha512-SbKbANkN603Vi4jEZv49LeVJMn4yGwsbzZworEoyEiutsN3nJYdbO36zfhGJ6QEDpOZIFkDtnq5JRxmvl3jsoQ==}
    engines: {node: '>=0.10.0'}

  is-glob@4.0.3:
    resolution: {integrity: sha512-xelSayHH36ZgE7ZWhli7pW34hNbNl8Ojv5KVmkJD4hBdD3th8Tfk9vYasLM+mXWOZhFkgZfxhLSnrwRr4elSSg==}
    engines: {node: '>=0.10.0'}

  jiti@2.6.1:
    resolution: {integrity: sha512-ekilCSN1jwRvIbgeg/57YFh8qQDNbwDb9xT/qu2DAHbFFZUicIl4ygVaAvzveMhMVr3LnpSKTNnwt8PoOfmKhQ==}
    hasBin: true

  json5@2.2.3:
    resolution: {integrity: sha512-XmOWe7eyHYH14cLdVPoyg+GOH3rYX++KpzrylJwSW98t3Nk+U8XOl8FWKOgwtzdb8lXGf6zYwDUzeHMWfxasyg==}
    engines: {node: '>=6'}
    hasBin: true

  lerc@3.0.0:
    resolution: {integrity: sha512-Rm4J/WaHhRa93nCN2mwWDZFoRVF18G1f47C+kvQWyHGEZxFpTUi73p7lMVSAndyxGt6lJ2/CFbOcf9ra5p8aww==}

  lit-element@4.2.2:
    resolution: {integrity: sha512-aFKhNToWxoyhkNDmWZwEva2SlQia+jfG0fjIWV//YeTaWrVnOxD89dPKfigCUspXFmjzOEUQpOkejH5Ly6sG0w==}

  lit-html@3.3.3:
    resolution: {integrity: sha512-el8M6jK2o3RXBnrSHX3ZKrsN8zEV63pSExTO1wYJz7QndGYZ8353e2a5PPX+qHe2aGayfnchQmkAojaWAREOIA==}

  lit@3.3.3:
    resolution: {integrity: sha512-fycuvZg/hkpozL00lm1pEJH5nN/lr9ZXd6mJI2HSN4+Bzc+LDNdEApJ6HFbPkdFNHLvOplIIuJvxkS4XUxqirw==}

  loader-utils@2.0.4:
    resolution: {integrity: sha512-xXqpXoINfFhgua9xiqD8fPFHgkoq1mmmpE92WlDbm9rNRd/EbRb+Gqf908T2DMfuHjjJlksiK2RbHVOdD/MqSw==}
    engines: {node: '>=8.9.0'}

  marked@11.2.0:
    resolution: {integrity: sha512-HR0m3bvu0jAPYiIvLUUQtdg1g6D247//lvcekpHO1WMvbwDlwSkZAX9Lw4F4YHE1T0HaaNve0tuAWuV1UJ6vtw==}
    engines: {node: '>= 18'}
    hasBin: true

  nanoid@3.3.12:
    resolution: {integrity: sha512-ZB9RH/39qpq5Vu6Y+NmUaFhQR6pp+M2Xt76XBnEwDaGcVAqhlvxrl3B2bKS5D3NH3QR76v3aSrKaF/Kiy7lEtQ==}
    engines: {node: ^10 || ^12 || ^13.7 || ^14 || >=15.0.1}
    hasBin: true

  nanoid@5.1.11:
    resolution: {integrity: sha512-v+KEsUv2ps74PaSKv0gHTxTCgMXOIfBEbaqa6w6ISIGC7ZsvHN4N9oJ8d4cmf0n5oTzQz2SLmThbQWhjd/8eKg==}
    engines: {node: ^18 || >=20}
    hasBin: true

  node-addon-api@7.1.1:
    resolution: {integrity: sha512-5m3bsyrjFWE1xf7nz7YXdN4udnVtXK6/Yfgn5qnahL6bCkf2yKt4k3nuTKAtT4r3IG8JNR2ncsIMdZuAzJjHQQ==}

  numcodecs@0.3.2:
    resolution: {integrity: sha512-6YSPnmZgg0P87jnNhi3s+FVLOcIn3y+1CTIgUulA3IdASzK9fJM87sUFkpyA+be9GibGRaST2wCgkD+6U+fWKw==}

  ol@10.9.0:
    resolution: {integrity: sha512-svbbgVQUmEHaKpLQ8kRySojs59Brvgl2zYIrqG9eQNXGfsbi55rQasZIDpwpQzDL6OlzrUb0H4hQaiX9wDoGmA==}

  pako@2.1.0:
    resolution: {integrity: sha512-w+eufiZ1WuJYgPXbV/PO3NCMEc3xqylkKHzp8bxp1uW4qaSNQUkwmLLEc3kKsfz8lpV1F8Ht3U1Cm+9Srog2ug==}

  parse-headers@2.0.6:
    resolution: {integrity: sha512-Tz11t3uKztEW5FEVZnj1ox8GKblWn+PvHY9TmJV5Mll2uHEwRdR/5Li1OlXoECjLYkApdhWy44ocONwXLiKO5A==}

  pbf@4.0.1:
    resolution: {integrity: sha512-SuLdBvS42z33m8ejRbInMapQe8n0D3vN/Xd5fmWM3tufNgRQFBpaW2YVJxQZV4iPNqb0vEFvssMEo5w9c6BTIA==}
    hasBin: true

  picocolors@1.1.1:
    resolution: {integrity: sha512-xceH2snhtb5M9liqDsmEw56le376mTZkEX/jEb/RxNFyegNul7eNslCXP9FDj/Lcu0X8KEyMceP2ntpaHrDEVA==}

  picomatch@4.0.4:
    resolution: {integrity: sha512-QP88BAKvMam/3NxH6vj2o21R6MjxZUAd6nlwAS/pnGvN9IVLocLHxGYIzFhg6fUQ+5th6P4dv4eW9jX3DSIj7A==}
    engines: {node: '>=12'}

  postcss@8.5.15:
    resolution: {integrity: sha512-FfR8sjd4em2T6fb3I2MwAJU7HWVMr9zba+enmQeeWFfCbm+UOC/0X4DS8XtpUTMwWMGbjKYP7xjfNekzyGmB3A==}
    engines: {node: ^10 || ^12 || >=14}

  prettier@3.8.4:
    resolution: {integrity: sha512-N2MylSdi48+5N/6S5j+maeHbUSIzzZ5uOcX5Hm4QpV8Dkb1HFjfAKTKX6yNPJQD9AhcT3ifHNB66tWTTJDi11Q==}
    engines: {node: '>=14'}
    hasBin: true

  protocol-buffers-schema@3.6.1:
    resolution: {integrity: sha512-VG2K63Igkiv9p76tk1lilczEK1cT+kCjKtkdhw1dQZV3k3IXJbd3o6Ho8b9zJZaHSnT2hKe4I+ObmX9w6m5SmQ==}

  quick-lru@6.1.2:
    resolution: {integrity: sha512-AAFUA5O1d83pIHEhJwWCq/RQcRukCkn/NSm2QsTEMle5f2hP0ChI2+3Xb051PZCkLryI/Ir1MVKviT2FIloaTQ==}
    engines: {node: '>=12'}

  quickselect@3.0.0:
    resolution: {integrity: sha512-XdjUArbK4Bm5fLLvlm5KpTFOiOThgfWWI4axAZDWg4E/0mKdZyI9tNEfds27qCi1ze/vwTR16kvmmGhRra3c2g==}

  rbush@4.0.1:
    resolution: {integrity: sha512-IP0UpfeWQujYC8Jg162rMNc01Rf0gWMMAb2Uxus/Q0qOFw4lCcq6ZnQEZwUoJqWyUGJ9th7JjwI4yIWo+uvoAQ==}

  readdirp@5.0.0:
    resolution: {integrity: sha512-9u/XQ1pvrQtYyMpZe7DXKv2p5CNvyVwzUB6uhLAnQwHMSgKMBR62lc7AHljaeteeHXn11XTAaLLUVZYVZyuRBQ==}
    engines: {node: '>= 20.19.0'}

  reduce-configs@1.1.2:
    resolution: {integrity: sha512-AgBP55V8FC7NaqoOP2RCbTpu6LE+YuX3LUZkNAoitcfyS3/PIC8Obg/TJrBzTkJ+lDvZv0TTAeDpLkzjTtYlbw==}

  reference-spec-reader@0.2.0:
    resolution: {integrity: sha512-q0mfCi5yZSSHXpCyxjgQeaORq3tvDsxDyzaadA/5+AbAUwRyRuuTh0aRQuE/vAOt/qzzxidJ5iDeu1cLHaNBlQ==}

  resolve-protobuf-schema@2.1.0:
    resolution: {integrity: sha512-kI5ffTiZWmJaS/huM8wZfEMer1eRd7oJQhDuxeCLe3t7N7mX3z94CN0xPxBQxFYQTSNz9T0i+v6inKqSdK8xrQ==}

  rxjs@7.8.2:
    resolution: {integrity: sha512-dhKf903U/PQZY6boNNtAGdWbG85WAbjT/1xYoZIC7FAY0yWapOBQVsVrDl58W86//e1VpMNBtRV4MaXfdMySFA==}

  sass-embedded-all-unknown@1.100.0:
    resolution: {integrity: sha512-auFtXY/kwYILmSVjtBDwyj0axcLbYYiffOKWoaXHnI5bsYwiRbBh3EneR1rpbX2ZIZCrwX93i5pxKLTZF/662Q==}
    cpu: ['!arm', '!arm64', '!riscv64', '!x64']

  sass-embedded-android-arm64@1.100.0:
    resolution: {integrity: sha512-W+Ru9JwTnfU0UX3jSZcbqFdtKFMcYdfFwytc57h2DgnqCOIiAqI2E06mABZBZC+r3LwXCBuS5GbXAGeVgvVDkA==}
    engines: {node: '>=14.0.0'}
    cpu: [arm64]
    os: [android]

  sass-embedded-android-arm@1.100.0:
    resolution: {integrity: sha512-70f3HgX2pFNmzpGQ86n5e6QfWn2fP4QUQGfFQK0P1XH73ZLIzLo2YqygrGKGKeeqtc5eU2Wl1/xQzhzuKnO4kw==}
    engines: {node: '>=14.0.0'}
    cpu: [arm]
    os: [android]

  sass-embedded-android-riscv64@1.100.0:
    resolution: {integrity: sha512-icU3o0V/uCSytSpf+tX5Lf51BvyQEbLzDUJfUi9etSauYBGHpPKkdtdZH0si4v98phq11Kl8rSV1SggksxF1Hg==}
    engines: {node: '>=14.0.0'}
    cpu: [riscv64]
    os: [android]

  sass-embedded-android-x64@1.100.0:
    resolution: {integrity: sha512-mevF9VQk6gEYByy8+jusaHGmd7Usb2ytX/DsEOd0JtOGCtcf1kh575xJ6OUBDIcJ15uLnbau/0iy1eP6WVBvWA==}
    engines: {node: '>=14.0.0'}
    cpu: [x64]
    os: [android]

  sass-embedded-darwin-arm64@1.100.0:
    resolution: {integrity: sha512-1PVlYi61POo93IT/FfrG1mc1tAHxeSTyUALF2aOFmXGWjVXr3bQzEQiBGCOvQbj/ix+5hNyXFXcEMEyKvtUJJA==}
    engines: {node: '>=14.0.0'}
    cpu: [arm64]
    os: [darwin]

  sass-embedded-darwin-x64@1.100.0:
    resolution: {integrity: sha512-x97o3JnGyImZNCIVs9wQHJUE5QCvmVIKaH1cwrz/5dK7OT1FpeNiW+u9TUomP9hG6Ekjd8EL8NBHpxTfIhdjmg==}
    engines: {node: '>=14.0.0'}
    cpu: [x64]
    os: [darwin]

  sass-embedded-linux-arm64@1.100.0:
    resolution: {integrity: sha512-Dwjmj8Z6VRy7rAi53JAdEwIyUjpfl7PhpSc2/LpQPQx+aO5Dp7Spaipkax0ufJl1SoDUdchCsM4y/88YaluorQ==}
    engines: {node: '>=14.0.0'}
    cpu: [arm64]
    os: [linux]
    libc: glibc

  sass-embedded-linux-arm@1.100.0:
    resolution: {integrity: sha512-9Ul7O1eKrc5YlhwWjkp8tZPSe3UEwSZ1uwUZOQom1HL0pRlBA6F/IlGZYFTLwnHMIP1fc77MMNaBRfc05mKMpw==}
    engines: {node: '>=14.0.0'}
    cpu: [arm]
    os: [linux]
    libc: glibc

  sass-embedded-linux-musl-arm64@1.100.0:
    resolution: {integrity: sha512-XpACJB2KjSLjf2e9uuvGVdOURsoNrFqgRiihhXyUHK9W0t3LIHb7z5MA/7XGPIT9bWSOO2zyw+rH/FHtDV/Yrg==}
    engines: {node: '>=14.0.0'}
    cpu: [arm64]
    os: [linux]
    libc: musl

  sass-embedded-linux-musl-arm@1.100.0:
    resolution: {integrity: sha512-sl0JgbGloPyJg66XXx5UDSDScZ0oU85DpMQU4JU/sCUCFj1Z8zZ69SJWKTCNE4/jwnce7WI2zPCV5AG+RHOZJw==}
    engines: {node: '>=14.0.0'}
    cpu: [arm]
    os: [linux]
    libc: musl

  sass-embedded-linux-musl-riscv64@1.100.0:
    resolution: {integrity: sha512-ShvI0Kx04mwoCARwZ0UjiT97isQvzO80tAt91zmFyHLN9kelc/IrQi940farSm2xQVPCKdeVyeG0ekBsokSpYQ==}
    engines: {node: '>=14.0.0'}
    cpu: [riscv64]
    os: [linux]
    libc: musl

  sass-embedded-linux-musl-x64@1.100.0:
    resolution: {integrity: sha512-TDBCRWNuS4RDLQXvRc1gjZlWiWTWaWGp0Bwu/IKwJxov81lsvrCs3TihTyNXtW7V5aoN4Ky3r0QOkNb3mwmBnA==}
    engines: {node: '>=14.0.0'}
    cpu: [x64]
    os: [linux]
    libc: musl

  sass-embedded-linux-riscv64@1.100.0:
    resolution: {integrity: sha512-j4ENJGOheO+fm3j/yorLxCjBP6/XskrZx7dTLlT+lXYwN/qqCqoA/gsNLI0McS3DFM6GBwPiffzWsdWS8t6sEQ==}
    engines: {node: '>=14.0.0'}
    cpu: [riscv64]
    os: [linux]
    libc: glibc

  sass-embedded-linux-x64@1.100.0:
    resolution: {integrity: sha512-0vUSN8j0WGtCJIOPh//EmUvYGHW0QOe5iul8qyhPk50MAcw49MA0r34AhftjDdx94ILPF6vApFs0gwHPQRlpVA==}
    engines: {node: '>=14.0.0'}
    cpu: [x64]
    os: [linux]
    libc: glibc

  sass-embedded-unknown-all@1.100.0:
    resolution: {integrity: sha512-c+naBgWId4MIpToXcI0DgqetjdAkwTTAxFAuOaBz7HUXLdyG1oZRrEvSsbe41nEdQOKH0vgofVFCeSQgoXOG9A==}
    os: ['!android', '!darwin', '!linux', '!win32']

  sass-embedded-win32-arm64@1.100.0:
    resolution: {integrity: sha512-iE+yxj+hUXwwbqpHkXxgAWTzeRfcWxJ7SSTQEPMk48lwq3oCrWLlz5sQuWHbuTK/i0GKQfROdP+hOmPi89yjUg==}
    engines: {node: '>=14.0.0'}
    cpu: [arm64]
    os: [win32]

  sass-embedded-win32-x64@1.100.0:
    resolution: {integrity: sha512-qI4F8MI7/KYoy9NdjJfhSspG42WPkADSNDvwEV7qWvCSFC83koJssRsKO2/PfY+niZz6BG65Ic/D+A11h959hw==}
    engines: {node: '>=14.0.0'}
    cpu: [x64]
    os: [win32]

  sass-embedded@1.100.0:
    resolution: {integrity: sha512-Ut8wlQSk19tm7jMK6mz6cF1+e+E7tUnW2tM02zQDPnOTcVbV8qCQG8UWxZkkNlY50+hV3hqP24OOkUlMz8xBpw==}
    engines: {node: '>=16.0.0'}
    hasBin: true

  sass@1.100.0:
    resolution: {integrity: sha512-B5j0rYMlinhhOo9tjQebMVVn0TfyXAF+wB3b2ggZUuJ/is/Y+7+JGjirAMxHZ9Z3hIP98NPfamlAkBHa1lAaXQ==}
    engines: {node: '>=20.19.0'}
    hasBin: true

  source-map-js@1.2.1:
    resolution: {integrity: sha512-UXWMKhLOwVKb728IUtQPXxfYU+usdybtUrK/8uGE8CQMvrhOpwvzDBwj0QhSL7MQc7vIsISBG8VQ8+IDQxpfQA==}
    engines: {node: '>=0.10.0'}

  supports-color@8.1.1:
    resolution: {integrity: sha512-MpUEN2OodtUzxvKQl72cUF7RQ5EiHsGvSsVG0ia9c5RbWGL2CI4C7EpPS8UTBIplnlzZiNuV56w+FuNxy3ty2Q==}
    engines: {node: '>=10'}

  sync-child-process@1.0.2:
    resolution: {integrity: sha512-8lD+t2KrrScJ/7KXCSyfhT3/hRq78rC0wBFqNJXv3mZyn6hW2ypM05JmlSvtqRbeq6jqA94oHbxAr2vYsJ8vDA==}
    engines: {node: '>=16.0.0'}

  sync-message-port@1.2.0:
    resolution: {integrity: sha512-gAQ9qrUN/UCypHtGFbbe7Rc/f9bzO88IwrG8TDo/aMKAApKyD6E3W4Cm0EfhfBb6Z6SKt59tTCTfD+n1xmAvMg==}
    engines: {node: '>=16.0.0'}

  tslib@2.8.1:
    resolution: {integrity: sha512-oJFu94HQb+KVduSUQL7wnpmqnfmLsOA/nAh6b6EH0wCEoK0/mPeXU6c3wKDV83MkOuHPRHtSXKKU99IBazS/2w==}

  typescript@6.0.3:
    resolution: {integrity: sha512-y2TvuxSZPDyQakkFRPZHKFm+KKVqIisdg9/CZwm9ftvKXLP8NRWj38/ODjNbr43SsoXqNuAisEf1GdCxqWcdBw==}
    engines: {node: '>=14.17'}
    hasBin: true

  undici-types@7.24.6:
    resolution: {integrity: sha512-WRNW+sJgj5OBN4/0JpHFqtqzhpbnV0GuB+OozA9gCL7a993SmU+1JBZCzLNxYsbMfIeDL+lTsphD5jN5N+n0zg==}

  unzipit@2.0.0:
    resolution: {integrity: sha512-DVeVIWUZCAQPNzm5sB0hpsG1GygTTdBnzNtYYEpInkttx5evkyqRgZi6rTczoySqp8hO5jHVKzrH0f23X8FZLg==}
    engines: {node: '>=18'}

  varint@6.0.0:
    resolution: {integrity: sha512-cXEIW6cfr15lFv563k4GuVuW/fiwjknytD37jIOLSdSWuOI6WnO/oKwmP2FQTU2l01LP8/M5TSAJpzUaGe3uWg==}

  web-worker@1.5.0:
    resolution: {integrity: sha512-RiMReJrTAiA+mBjGONMnjVDP2u3p9R1vkcGz6gDIrOMT3oGuYwX2WRMYI9ipkphSuE5XKEhydbhNEJh4NY9mlw==}

  xml-utils@1.10.2:
    resolution: {integrity: sha512-RqM+2o1RYs6T8+3DzDSoTRAUfrvaejbVHcp3+thnAtDKo8LskR+HomLajEy5UjTz24rpka7AxVBRR3g2wTUkJA==}

  zarrita@0.7.3:
    resolution: {integrity: sha512-wChTQ1Ox75INoQCzKAfLWAfB70JJ4KjdW8Sz5x4ZWrFB4Dw+YZdnxHTL0xSdsrB9EmKSeK7fS1Y+I2ibhfGbkw==}

  zstddec@0.2.0:
    resolution: {integrity: sha512-oyPnDa1X5c13+Y7mA/FDMNJrn4S8UNBe0KCqtDmor40Re7ALrPN6npFwyYVRRh+PqozZQdeg23QtbcamZnG5rA==}

snapshots:

  '@awesome.me/webawesome@3.8.0(@floating-ui/utils@0.2.11)(@types/react@19.2.16)':
    dependencies:
      '@ctrl/tinycolor': 4.1.0
      '@floating-ui/dom': 1.7.6
      '@konnorr/qr-creator': 1.0.1
      '@lit-labs/ssr-client': 1.1.8
      '@lit/context': 1.1.6
      '@lit/react': 1.0.8(@types/react@19.2.16)
      '@shoelace-style/animations': 1.2.0
      '@shoelace-style/localize': 3.2.2
      composed-offset-position: 0.0.6(@floating-ui/utils@0.2.11)
      lit: 3.3.3
      marked: 11.2.0
      nanoid: 5.1.11
    transitivePeerDependencies:
      - '@floating-ui/utils'
      - '@types/react'

  '@biomejs/biome@2.5.0':
    optionalDependencies:
      '@biomejs/cli-darwin-arm64': 2.5.0
      '@biomejs/cli-darwin-x64': 2.5.0
      '@biomejs/cli-linux-arm64': 2.5.0
      '@biomejs/cli-linux-arm64-musl': 2.5.0
      '@biomejs/cli-linux-x64': 2.5.0
      '@biomejs/cli-linux-x64-musl': 2.5.0
      '@biomejs/cli-win32-arm64': 2.5.0
      '@biomejs/cli-win32-x64': 2.5.0

  '@biomejs/cli-darwin-arm64@2.5.0':
    optional: true

  '@biomejs/cli-darwin-x64@2.5.0':
    optional: true

  '@biomejs/cli-linux-arm64-musl@2.5.0':
    optional: true

  '@biomejs/cli-linux-arm64@2.5.0':
    optional: true

  '@biomejs/cli-linux-x64-musl@2.5.0':
    optional: true

  '@biomejs/cli-linux-x64@2.5.0':
    optional: true

  '@biomejs/cli-win32-arm64@2.5.0':
    optional: true

  '@biomejs/cli-win32-x64@2.5.0':
    optional: true

  '@bufbuild/protobuf@2.12.0': {}

  '@ctrl/tinycolor@4.1.0': {}

  '@emnapi/core@1.10.0':
    dependencies:
      '@emnapi/wasi-threads': 1.2.1
      tslib: 2.8.1
    optional: true

  '@emnapi/runtime@1.10.0':
    dependencies:
      tslib: 2.8.1
    optional: true

  '@emnapi/wasi-threads@1.2.1':
    dependencies:
      tslib: 2.8.1
    optional: true

  '@floating-ui/core@1.7.5':
    dependencies:
      '@floating-ui/utils': 0.2.11

  '@floating-ui/dom@1.7.6':
    dependencies:
      '@floating-ui/core': 1.7.5
      '@floating-ui/utils': 0.2.11

  '@floating-ui/utils@0.2.11': {}

  '@konnorr/qr-creator@1.0.1': {}

  '@lit-labs/ssr-client@1.1.8':
    dependencies:
      '@lit/reactive-element': 2.1.2
      lit: 3.3.3
      lit-html: 3.3.3

  '@lit-labs/ssr-dom-shim@1.6.0': {}

  '@lit/context@1.1.6':
    dependencies:
      '@lit/reactive-element': 2.1.2

  '@lit/react@1.0.8(@types/react@19.2.16)':
    dependencies:
      '@types/react': 19.2.16

  '@lit/reactive-element@2.1.2':
    dependencies:
      '@lit-labs/ssr-dom-shim': 1.6.0

  '@napi-rs/wasm-runtime@1.1.4(@emnapi/core@1.10.0)(@emnapi/runtime@1.10.0)':
    dependencies:
      '@emnapi/core': 1.10.0
      '@emnapi/runtime': 1.10.0
      '@tybys/wasm-util': 0.10.2
    optional: true

  '@parcel/watcher-android-arm64@2.5.6':
    optional: true

  '@parcel/watcher-darwin-arm64@2.5.6':
    optional: true

  '@parcel/watcher-darwin-x64@2.5.6':
    optional: true

  '@parcel/watcher-freebsd-x64@2.5.6':
    optional: true

  '@parcel/watcher-linux-arm-glibc@2.5.6':
    optional: true

  '@parcel/watcher-linux-arm-musl@2.5.6':
    optional: true

  '@parcel/watcher-linux-arm64-glibc@2.5.6':
    optional: true

  '@parcel/watcher-linux-arm64-musl@2.5.6':
    optional: true

  '@parcel/watcher-linux-x64-glibc@2.5.6':
    optional: true

  '@parcel/watcher-linux-x64-musl@2.5.6':
    optional: true

  '@parcel/watcher-win32-arm64@2.5.6':
    optional: true

  '@parcel/watcher-win32-ia32@2.5.6':
    optional: true

  '@parcel/watcher-win32-x64@2.5.6':
    optional: true

  '@parcel/watcher@2.5.6':
    dependencies:
      detect-libc: 2.1.2
      is-glob: 4.0.3
      node-addon-api: 7.1.1
      picomatch: 4.0.4
    optionalDependencies:
      '@parcel/watcher-android-arm64': 2.5.6
      '@parcel/watcher-darwin-arm64': 2.5.6
      '@parcel/watcher-darwin-x64': 2.5.6
      '@parcel/watcher-freebsd-x64': 2.5.6
      '@parcel/watcher-linux-arm-glibc': 2.5.6
      '@parcel/watcher-linux-arm-musl': 2.5.6
      '@parcel/watcher-linux-arm64-glibc': 2.5.6
      '@parcel/watcher-linux-arm64-musl': 2.5.6
      '@parcel/watcher-linux-x64-glibc': 2.5.6
      '@parcel/watcher-linux-x64-musl': 2.5.6
      '@parcel/watcher-win32-arm64': 2.5.6
      '@parcel/watcher-win32-ia32': 2.5.6
      '@parcel/watcher-win32-x64': 2.5.6
    optional: true

  '@petamoriken/float16@3.9.3': {}

  '@rsbuild/core@2.0.15(core-js@3.46.0)':
    dependencies:
      '@rspack/core': 2.0.8(@swc/helpers@0.5.23)
      '@swc/helpers': 0.5.23
    optionalDependencies:
      core-js: 3.46.0
    transitivePeerDependencies:
      - '@module-federation/runtime-tools'

  '@rsbuild/plugin-sass@1.5.3(@rsbuild/core@2.0.15(core-js@3.46.0))':
    dependencies:
      deepmerge: 4.3.1
      loader-utils: 2.0.4
      postcss: 8.5.15
      reduce-configs: 1.1.2
      sass-embedded: 1.100.0
    optionalDependencies:
      '@rsbuild/core': 2.0.15(core-js@3.46.0)

  '@rslint/core@0.6.2(jiti@2.6.1)':
    dependencies:
      picomatch: 4.0.4
    optionalDependencies:
      '@rslint/native-darwin-arm64': 0.6.2
      '@rslint/native-darwin-x64': 0.6.2
      '@rslint/native-linux-arm64-gnu': 0.6.2
      '@rslint/native-linux-arm64-musl': 0.6.2
      '@rslint/native-linux-x64-gnu': 0.6.2
      '@rslint/native-linux-x64-musl': 0.6.2
      '@rslint/native-win32-arm64-msvc': 0.6.2
      '@rslint/native-win32-x64-msvc': 0.6.2
      jiti: 2.6.1

  '@rslint/native-darwin-arm64@0.6.2':
    optional: true

  '@rslint/native-darwin-x64@0.6.2':
    optional: true

  '@rslint/native-linux-arm64-gnu@0.6.2':
    optional: true

  '@rslint/native-linux-arm64-musl@0.6.2':
    optional: true

  '@rslint/native-linux-x64-gnu@0.6.2':
    optional: true

  '@rslint/native-linux-x64-musl@0.6.2':
    optional: true

  '@rslint/native-win32-arm64-msvc@0.6.2':
    optional: true

  '@rslint/native-win32-x64-msvc@0.6.2':
    optional: true

  '@rspack/binding-darwin-arm64@2.0.8':
    optional: true

  '@rspack/binding-darwin-x64@2.0.8':
    optional: true

  '@rspack/binding-linux-arm64-gnu@2.0.8':
    optional: true

  '@rspack/binding-linux-arm64-musl@2.0.8':
    optional: true

  '@rspack/binding-linux-x64-gnu@2.0.8':
    optional: true

  '@rspack/binding-linux-x64-musl@2.0.8':
    optional: true

  '@rspack/binding-wasm32-wasi@2.0.8':
    dependencies:
      '@emnapi/core': 1.10.0
      '@emnapi/runtime': 1.10.0
      '@napi-rs/wasm-runtime': 1.1.4(@emnapi/core@1.10.0)(@emnapi/runtime@1.10.0)
    optional: true

  '@rspack/binding-win32-arm64-msvc@2.0.8':
    optional: true

  '@rspack/binding-win32-ia32-msvc@2.0.8':
    optional: true

  '@rspack/binding-win32-x64-msvc@2.0.8':
    optional: true

  '@rspack/binding@2.0.8':
    optionalDependencies:
      '@rspack/binding-darwin-arm64': 2.0.8
      '@rspack/binding-darwin-x64': 2.0.8
      '@rspack/binding-linux-arm64-gnu': 2.0.8
      '@rspack/binding-linux-arm64-musl': 2.0.8
      '@rspack/binding-linux-x64-gnu': 2.0.8
      '@rspack/binding-linux-x64-musl': 2.0.8
      '@rspack/binding-wasm32-wasi': 2.0.8
      '@rspack/binding-win32-arm64-msvc': 2.0.8
      '@rspack/binding-win32-ia32-msvc': 2.0.8
      '@rspack/binding-win32-x64-msvc': 2.0.8

  '@rspack/core@2.0.8(@swc/helpers@0.5.23)':
    dependencies:
      '@rspack/binding': 2.0.8
    optionalDependencies:
      '@swc/helpers': 0.5.23

  '@shoelace-style/animations@1.2.0': {}

  '@shoelace-style/localize@3.2.2': {}

  '@swc/helpers@0.5.23':
    dependencies:
      tslib: 2.8.1

  '@tsconfig/node-lts@24.0.0': {}

  '@tybys/wasm-util@0.10.2':
    dependencies:
      tslib: 2.8.1
    optional: true

  '@types/node@25.9.3':
    dependencies:
      undici-types: 7.24.6

  '@types/rbush@4.0.0': {}

  '@types/react@19.2.16':
    dependencies:
      csstype: 3.2.3

  '@types/trusted-types@2.0.7': {}

  '@zarrita/storage@0.2.0':
    dependencies:
      reference-spec-reader: 0.2.0
      unzipit: 2.0.0

  big.js@5.2.2: {}

  chokidar@5.0.0:
    dependencies:
      readdirp: 5.0.0
    optional: true

  colorjs.io@0.5.2: {}

  composed-offset-position@0.0.6(@floating-ui/utils@0.2.11):
    dependencies:
      '@floating-ui/utils': 0.2.11

  core-js@3.46.0:
    optional: true

  csstype@3.2.3: {}

  deepmerge@4.3.1: {}

  detect-libc@2.1.2:
    optional: true

  earcut@3.0.2: {}

  emojis-list@3.0.0: {}

  fflate@0.8.3: {}

  geotiff@3.0.5:
    dependencies:
      '@petamoriken/float16': 3.9.3
      lerc: 3.0.0
      pako: 2.1.0
      parse-headers: 2.0.6
      quick-lru: 6.1.2
      web-worker: 1.5.0
      xml-utils: 1.10.2
      zstddec: 0.2.0

  has-flag@4.0.0: {}

  immutable@5.1.6: {}

  is-extglob@2.1.1:
    optional: true

  is-glob@4.0.3:
    dependencies:
      is-extglob: 2.1.1
    optional: true

  jiti@2.6.1:
    optional: true

  json5@2.2.3: {}

  lerc@3.0.0: {}

  lit-element@4.2.2:
    dependencies:
      '@lit-labs/ssr-dom-shim': 1.6.0
      '@lit/reactive-element': 2.1.2
      lit-html: 3.3.3

  lit-html@3.3.3:
    dependencies:
      '@types/trusted-types': 2.0.7

  lit@3.3.3:
    dependencies:
      '@lit/reactive-element': 2.1.2
      lit-element: 4.2.2
      lit-html: 3.3.3

  loader-utils@2.0.4:
    dependencies:
      big.js: 5.2.2
      emojis-list: 3.0.0
      json5: 2.2.3

  marked@11.2.0: {}

  nanoid@3.3.12: {}

  nanoid@5.1.11: {}

  node-addon-api@7.1.1:
    optional: true

  numcodecs@0.3.2:
    dependencies:
      fflate: 0.8.3

  ol@10.9.0:
    dependencies:
      '@types/rbush': 4.0.0
      earcut: 3.0.2
      geotiff: 3.0.5
      pbf: 4.0.1
      rbush: 4.0.1
      zarrita: 0.7.3

  pako@2.1.0: {}

  parse-headers@2.0.6: {}

  pbf@4.0.1:
    dependencies:
      resolve-protobuf-schema: 2.1.0

  picocolors@1.1.1: {}

  picomatch@4.0.4: {}

  postcss@8.5.15:
    dependencies:
      nanoid: 3.3.12
      picocolors: 1.1.1
      source-map-js: 1.2.1

  prettier@3.8.4: {}

  protocol-buffers-schema@3.6.1: {}

  quick-lru@6.1.2: {}

  quickselect@3.0.0: {}

  rbush@4.0.1:
    dependencies:
      quickselect: 3.0.0

  readdirp@5.0.0:
    optional: true

  reduce-configs@1.1.2: {}

  reference-spec-reader@0.2.0: {}

  resolve-protobuf-schema@2.1.0:
    dependencies:
      protocol-buffers-schema: 3.6.1

  rxjs@7.8.2:
    dependencies:
      tslib: 2.8.1

  sass-embedded-all-unknown@1.100.0:
    dependencies:
      sass: 1.100.0
    optional: true

  sass-embedded-android-arm64@1.100.0:
    optional: true

  sass-embedded-android-arm@1.100.0:
    optional: true

  sass-embedded-android-riscv64@1.100.0:
    optional: true

  sass-embedded-android-x64@1.100.0:
    optional: true

  sass-embedded-darwin-arm64@1.100.0:
    optional: true

  sass-embedded-darwin-x64@1.100.0:
    optional: true

  sass-embedded-linux-arm64@1.100.0:
    optional: true

  sass-embedded-linux-arm@1.100.0:
    optional: true

  sass-embedded-linux-musl-arm64@1.100.0:
    optional: true

  sass-embedded-linux-musl-arm@1.100.0:
    optional: true

  sass-embedded-linux-musl-riscv64@1.100.0:
    optional: true

  sass-embedded-linux-musl-x64@1.100.0:
    optional: true

  sass-embedded-linux-riscv64@1.100.0:
    optional: true

  sass-embedded-linux-x64@1.100.0:
    optional: true

  sass-embedded-unknown-all@1.100.0:
    dependencies:
      sass: 1.100.0
    optional: true

  sass-embedded-win32-arm64@1.100.0:
    optional: true

  sass-embedded-win32-x64@1.100.0:
    optional: true

  sass-embedded@1.100.0:
    dependencies:
      '@bufbuild/protobuf': 2.12.0
      colorjs.io: 0.5.2
      immutable: 5.1.6
      rxjs: 7.8.2
      supports-color: 8.1.1
      sync-child-process: 1.0.2
      varint: 6.0.0
    optionalDependencies:
      sass-embedded-all-unknown: 1.100.0
      sass-embedded-android-arm: 1.100.0
      sass-embedded-android-arm64: 1.100.0
      sass-embedded-android-riscv64: 1.100.0
      sass-embedded-android-x64: 1.100.0
      sass-embedded-darwin-arm64: 1.100.0
      sass-embedded-darwin-x64: 1.100.0
      sass-embedded-linux-arm: 1.100.0
      sass-embedded-linux-arm64: 1.100.0
      sass-embedded-linux-musl-arm: 1.100.0
      sass-embedded-linux-musl-arm64: 1.100.0
      sass-embedded-linux-musl-riscv64: 1.100.0
      sass-embedded-linux-musl-x64: 1.100.0
      sass-embedded-linux-riscv64: 1.100.0
      sass-embedded-linux-x64: 1.100.0
      sass-embedded-unknown-all: 1.100.0
      sass-embedded-win32-arm64: 1.100.0
      sass-embedded-win32-x64: 1.100.0

  sass@1.100.0:
    dependencies:
      chokidar: 5.0.0
      immutable: 5.1.6
      source-map-js: 1.2.1
    optionalDependencies:
      '@parcel/watcher': 2.5.6
    optional: true

  source-map-js@1.2.1: {}

  supports-color@8.1.1:
    dependencies:
      has-flag: 4.0.0

  sync-child-process@1.0.2:
    dependencies:
      sync-message-port: 1.2.0

  sync-message-port@1.2.0: {}

  tslib@2.8.1: {}

  typescript@6.0.3: {}

  undici-types@7.24.6: {}

  unzipit@2.0.0: {}

  varint@6.0.0: {}

  web-worker@1.5.0: {}

  xml-utils@1.10.2: {}

  zarrita@0.7.3:
    dependencies:
      '@zarrita/storage': 0.2.0
      numcodecs: 0.3.2

  zstddec@0.2.0: {}
